
Microsoft Visual Studio Solution File, Format Version 12.00
# Visual Studio 15
VisualStudioVersion = 15.0.26124.0
MinimumVisualStudioVersion = 15.0.26124.0
Project("{FAE04EC0-301F-11D3-BF4B-00C04F79EFBC}") = "tm-backend", "tm-backend\tm-backend.csproj", "{B181352A-E69F-400A-93DB-C586176D5984}"
EndProject
Project("{FAE04EC0-301F-11D3-BF4B-00C04F79EFBC}") = "tm-backend-test", "tm-backend-test\tm-backend-test.csproj", "{B8324A6D-D802-4AF1-B2A0-8948D4E311BD}"
EndProject
Global
	GlobalSection(SolutionConfigurationPlatforms) = preSolution
		Debug|Any CPU = Debug|Any CPU
		Debug|x64 = Debug|x64
		Debug|x86 = Debug|x86
		Release|Any CPU = Release|Any CPU
		Release|x64 = Release|x64
		Release|x86 = Release|x86
	EndGlobalSection
	GlobalSection(SolutionProperties) = preSolution
		HideSolutionNode = FALSE
	EndGlobalSection
	GlobalSection(ProjectConfigurationPlatforms) = postSolution
		{B181352A-E69F-400A-93DB-C586176D5984}.Debug|Any CPU.ActiveCfg = Debug|Any CPU
		{B181352A-E69F-400A-93DB-C586176D5984}.Debug|Any CPU.Build.0 = Debug|Any CPU
		{B181352A-E69F-400A-93DB-C586176D5984}.Debug|x64.ActiveCfg = Debug|Any CPU
		{B181352A-E69F-400A-93DB-C586176D5984}.Debug|x64.Build.0 = Debug|Any CPU
		{B181352A-E69F-400A-93DB-C586176D5984}.Debug|x86.ActiveCfg = Debug|Any CPU
		{B181352A-E69F-400A-93DB-C586176D5984}.Debug|x86.Build.0 = Debug|Any CPU
		{B181352A-E69F-400A-93DB-C586176D5984}.Release|Any CPU.ActiveCfg = Release|Any CPU
		{B181352A-E69F-400A-93DB-C586176D5984}.Release|Any CPU.Build.0 = Release|Any CPU
		{B181352A-E69F-400A-93DB-C586176D5984}.Release|x64.ActiveCfg = Release|Any CPU
		{B181352A-E69F-400A-93DB-C586176D5984}.Release|x64.Build.0 = Release|Any CPU
		{B181352A-E69F-400A-93DB-C586176D5984}.Release|x86.ActiveCfg = Release|Any CPU
		{B181352A-E69F-400A-93DB-C586176D5984}.Release|x86.Build.0 = Release|Any CPU
		{B8324A6D-D802-4AF1-B2A0-8948D4E311BD}.Debug|Any CPU.ActiveCfg = Debug|Any CPU
		{B8324A6D-D802-4AF1-B2A0-8948D4E311BD}.Debug|Any CPU.Build.0 = Debug|Any CPU
		{B8324A6D-D802-4AF1-B2A0-8948D4E311BD}.Debug|x64.ActiveCfg = Debug|Any CPU
		{B8324A6D-D802-4AF1-B2A0-8948D4E311BD}.Debug|x64.Build.0 = Debug|Any CPU
		{B8324A6D-D802-4AF1-B2A0-8948D4E311BD}.Debug|x86.ActiveCfg = Debug|Any CPU
		{B8324A6D-D802-4AF1-B2A0-8948D4E311BD}.Debug|x86.Build.0 = Debug|Any CPU
		{B8324A6D-D802-4AF1-B2A0-8948D4E311BD}.Release|Any CPU.ActiveCfg = Release|Any CPU
		{B8324A6D-D802-4AF1-B2A0-8948D4E311BD}.Release|Any CPU.Build.0 = Release|Any CPU
		{B8324A6D-D802-4AF1-B2A0-8948D4E311BD}.Release|x64.ActiveCfg = Release|Any CPU
		{B8324A6D-D802-4AF1-B2A0-8948D4E311BD}.Release|x64.Build.0 = Release|Any CPU
		{B8324A6D-D802-4AF1-B2A0-8948D4E311BD}.Release|x86.ActiveCfg = Release|Any CPU
		{B8324A6D-D802-4AF1-B2A0-8948D4E311BD}.Release|x86.Build.0 = Release|Any CPU
	EndGlobalSection
EndGlobal
